// !$*UTF8*$!
{
	archiveVersion = 1;
	classes = {
	};
	objectVersion = 46;
	objects = {

/* Begin PBXBuildFile section */
		2874FE1A1B24C92A0085E9EA /* TweetTableViewCell.swift in Sources */ = {isa = PBXBuildFile; fileRef = 2874FE191B24C92A0085E9EA /* TweetTableViewCell.swift */; };
		28C0FC861B24B9CA00379531 /* AppDelegate.swift in Sources */ = {isa = PBXBuildFile; fileRef = 28C0FC851B24B9CA00379531 /* AppDelegate.swift */; };
		28C0FC881B24B9CA00379531 /* ViewController.swift in Sources */ = {isa = PBXBuildFile; fileRef = 28C0FC871B24B9CA00379531 /* ViewController.swift */; };
		28C0FC8B1B24B9CA00379531 /* Main.storyboard in Resources */ = {isa = PBXBuildFile; fileRef = 28C0FC891B24B9CA00379531 /* Main.storyboard */; };
		28C0FC8D1B24B9CA00379531 /* Images.xcassets in Resources */ = {isa = PBXBuildFile; fileRef = 28C0FC8C1B24B9CA00379531 /* Images.xcassets */; };
		28C0FC901B24B9CA00379531 /* LaunchScreen.xib in Resources */ = {isa = PBXBuildFile; fileRef = 28C0FC8E1B24B9CA00379531 /* LaunchScreen.xib */; };
		28C0FC9C1B24B9CA00379531 /* SmashTagTests.swift in Sources */ = {isa = PBXBuildFile; fileRef = 28C0FC9B1B24B9CA00379531 /* SmashTagTests.swift */; };
		28C0FCA61B24BA7600379531 /* TweetTableViewController.swift in Sources */ = {isa = PBXBuildFile; fileRef = 28C0FCA51B24BA7600379531 /* TweetTableViewController.swift */; };
		28C0FCAF1B24BEB900379531 /* MediaItem.swift in Sources */ = {isa = PBXBuildFile; fileRef = 28C0FCAB1B24BEB900379531 /* MediaItem.swift */; };
		28C0FCB01B24BEB900379531 /* Tweet.swift in Sources */ = {isa = PBXBuildFile; fileRef = 28C0FCAC1B24BEB900379531 /* Tweet.swift */; };
		28C0FCB11B24BEB900379531 /* TwitterRequest.swift in Sources */ = {isa = PBXBuildFile; fileRef = 28C0FCAD1B24BEB900379531 /* TwitterRequest.swift */; };
		28C0FCB21B24BEB900379531 /* User.swift in Sources */ = {isa = PBXBuildFile; fileRef = 28C0FCAE1B24BEB900379531 /* User.swift */; };
/* End PBXBuildFile section */

/* Begin PBXContainerItemProxy section */
		28C0FC961B24B9CA00379531 /* PBXContainerItemProxy */ = {
			isa = PBXContainerItemProxy;
			containerPortal = 28C0FC781B24B9CA00379531 /* Project object */;
			proxyType = 1;
			remoteGlobalIDString = 28C0FC7F1B24B9CA00379531;
			remoteInfo = SmashTag;
		};
/* End PBXContainerItemProxy section */

/* Begin PBXFileReference section */
		2874FE191B24C92A0085E9EA /* TweetTableViewCell.swift */ = {isa = PBXFileReference; fileEncoding = 4; lastKnownFileType = sourcecode.swift; path = TweetTableViewCell.swift; sourceTree = "<group>"; };
		28C0FC801B24B9CA00379531 /* SmashTag.app */ = {isa = PBXFileReference; explicitFileType = wrapper.application; includeInIndex = 0; path = SmashTag.app; sourceTree = BUILT_PRODUCTS_DIR; };
		28C0FC841B24B9CA00379531 /* Info.plist */ = {isa = PBXFileReference; lastKnownFileType = text.plist.xml; path = Info.plist; sourceTree = "<group>"; };
		28C0FC851B24B9CA00379531 /* AppDelegate.swift */ = {isa = PBXFileReference; lastKnownFileType = sourcecode.swift; path = AppDelegate.swift; sourceTree = "<group>"; };
		28C0FC871B24B9CA00379531 /* ViewController.swift */ = {isa = PBXFileReference; lastKnownFileType = sourcecode.swift; path = ViewController.swift; sourceTree = "<group>"; };
		28C0FC8A1B24B9CA00379531 /* Base */ = {isa = PBXFileReference; lastKnownFileType = file.storyboard; name = Base; path = Base.lproj/Main.storyboard; sourceTree = "<group>"; };
		28C0FC8C1B24B9CA00379531 /* Images.xcassets */ = {isa = PBXFileReference; lastKnownFileType = folder.assetcatalog; path = Images.xcassets; sourceTree = "<group>"; };
		28C0FC8F1B24B9CA00379531 /* Base */ = {isa = PBXFileReference; lastKnownFileType = file.xib; name = Base; path = Base.lproj/LaunchScreen.xib; sourceTree = "<group>"; };
		28C0FC951B24B9CA00379531 /* SmashTagTests.xctest */ = {isa = PBXFileReference; explicitFileType = wrapper.cfbundle; includeInIndex = 0; path = SmashTagTests.xctest; sourceTree = BUILT_PRODUCTS_DIR; };
		28C0FC9A1B24B9CA00379531 /* Info.plist */ = {isa = PBXFileReference; lastKnownFileType = text.plist.xml; path = Info.plist; sourceTree = "<group>"; };
		28C0FC9B1B24B9CA00379531 /* SmashTagTests.swift */ = {isa = PBXFileReference; lastKnownFileType = sourcecode.swift; path = SmashTagTests.swift; sourceTree = "<group>"; };
		28C0FCA51B24BA7600379531 /* TweetTableViewController.swift */ = {isa = PBXFileReference; fileEncoding = 4; lastKnownFileType = sourcecode.swift; path = TweetTableViewController.swift; sourceTree = "<group>"; };
		28C0FCAB1B24BEB900379531 /* MediaItem.swift */ = {isa = PBXFileReference; fileEncoding = 4; lastKnownFileType = sourcecode.swift; path = MediaItem.swift; sourceTree = "<group>"; };
		28C0FCAC1B24BEB900379531 /* Tweet.swift */ = {isa = PBXFileReference; fileEncoding = 4; lastKnownFileType = sourcecode.swift; path = Tweet.swift; sourceTree = "<group>"; };
		28C0FCAD1B24BEB900379531 /* TwitterRequest.swift */ = {isa = PBXFileReference; fileEncoding = 4; lastKnownFileType = sourcecode.swift; path = TwitterRequest.swift; sourceTree = "<group>"; };
		28C0FCAE1B24BEB900379531 /* User.swift */ = {isa = PBXFileReference; fileEncoding = 4; lastKnownFileType = sourcecode.swift; path = User.swift; sourceTree = "<group>"; };
/* End PBXFileReference section */

/* Begin PBXFrameworksBuildPhase section */
		28C0FC7D1B24B9CA00379531 /* Frameworks */ = {
			isa = PBXFrameworksBuildPhase;
			buildActionMask = 2147483647;
			files = (
			);
			runOnlyForDeploymentPostprocessing = 0;
		};
		28C0FC921B24B9CA00379531 /* Frameworks */ = {
			isa = PBXFrameworksBuildPhase;
			buildActionMask = 2147483647;
			files = (
			);
			runOnlyForDeploymentPostprocessing = 0;
		};
/* End PBXFrameworksBuildPhase section */

/* Begin PBXGroup section */
		28C0FC771B24B9CA00379531 = {
			isa = PBXGroup;
			children = (
				28C0FC821B24B9CA00379531 /* SmashTag */,
				28C0FC981B24B9CA00379531 /* SmashTagTests */,
				28C0FC811B24B9CA00379531 /* Products */,
			);
			sourceTree = "<group>";
		};
		28C0FC811B24B9CA00379531 /* Products */ = {
			isa = PBXGroup;
			children = (
				28C0FC801B24B9CA00379531 /* SmashTag.app */,
				28C0FC951B24B9CA00379531 /* SmashTagTests.xctest */,
			);
			name = Products;
			sourceTree = "<group>";
		};
		28C0FC821B24B9CA00379531 /* SmashTag */ = {
			isa = PBXGroup;
			children = (
				28C0FC851B24B9CA00379531 /* AppDelegate.swift */,
				28C0FC871B24B9CA00379531 /* ViewController.swift */,
				28C0FCAB1B24BEB900379531 /* MediaItem.swift */,
				28C0FCAC1B24BEB900379531 /* Tweet.swift */,
				28C0FCAD1B24BEB900379531 /* TwitterRequest.swift */,
				28C0FCAE1B24BEB900379531 /* User.swift */,
				28C0FC891B24B9CA00379531 /* Main.storyboard */,
				2874FE191B24C92A0085E9EA /* TweetTableViewCell.swift */,
				28C0FCA51B24BA7600379531 /* TweetTableViewController.swift */,
				28C0FC8C1B24B9CA00379531 /* Images.xcassets */,
				28C0FC8E1B24B9CA00379531 /* LaunchScreen.xib */,
				28C0FC831B24B9CA00379531 /* Supporting Files */,
			);
			path = SmashTag;
			sourceTree = "<group>";
		};
		28C0FC831B24B9CA00379531 /* Supporting Files */ = {
			isa = PBXGroup;
			children = (
				28C0FC841B24B9CA00379531 /* Info.plist */,
			);
			name = "Supporting Files";
			sourceTree = "<group>";
		};
		28C0FC981B24B9CA00379531 /* SmashTagTests */ = {
			isa = PBXGroup;
			children = (
				28C0FC9B1B24B9CA00379531 /* SmashTagTests.swift */,
				28C0FC991B24B9CA00379531 /* Supporting Files */,
			);
			path = SmashTagTests;
			sourceTree = "<group>";
		};
		28C0FC991B24B9CA00379531 /* Supporting Files */ = {
			isa = PBXGroup;
			children = (
				28C0FC9A1B24B9CA00379531 /* Info.plist */,
			);
			name = "Supporting Files";
			sourceTree = "<group>";
		};
/* End PBXGroup section */

/* Begin PBXNativeTarget section */
		28C0FC7F1B24B9CA00379531 /* SmashTag */ = {
			isa = PBXNativeTarget;
			buildConfigurationList = 28C0FC9F1B24B9CA00379531 /* Build configuration list for PBXNativeTarget "SmashTag" */;
			buildPhases = (
				28C0FC7C1B24B9CA00379531 /* Sources */,
				28C0FC7D1B24B9CA00379531 /* Frameworks */,
				28C0FC7E1B24B9CA00379531 /* Resources */,
			);
			buildRules = (
			);
			dependencies = (
			);
			name = SmashTag;
			productName = SmashTag;
			productReference = 28C0FC801B24B9CA00379531 /* SmashTag.app */;
			productType = "com.apple.product-type.application";
		};
		28C0FC941B24B9CA00379531 /* SmashTagTests */ = {
			isa = PBXNativeTarget;
			buildConfigurationList = 28C0FCA21B24B9CA00379531 /* Build configuration list for PBXNativeTarget "SmashTagTests" */;
			buildPhases = (
				28C0FC911B24B9CA00379531 /* Sources */,
				28C0FC921B24B9CA00379531 /* Frameworks */,
				28C0FC931B24B9CA00379531 /* Resources */,
			);
			buildRules = (
			);
			dependencies = (
				28C0FC971B24B9CA00379531 /* PBXTargetDependency */,
			);
			name = SmashTagTests;
			productName = SmashTagTests;
			productReference = 28C0FC951B24B9CA00379531 /* SmashTagTests.xctest */;
			productType = "com.apple.product-type.bundle.unit-test";
		};
/* End PBXNativeTarget section */

/* Begin PBXProject section */
		28C0FC781B24B9CA00379531 /* Project object */ = {
			isa = PBXProject;
			attributes = {
				LastUpgradeCheck = 0630;
				ORGANIZATIONNAME = "SograSoftware LLC";
				TargetAttributes = {
					28C0FC7F1B24B9CA00379531 = {
						CreatedOnToolsVersion = 6.3.2;
					};
					28C0FC941B24B9CA00379531 = {
						CreatedOnToolsVersion = 6.3.2;
						TestTargetID = 28C0FC7F1B24B9CA00379531;
					};
				};
			};
			buildConfigurationList = 28C0FC7B1B24B9CA00379531 /* Build configuration list for PBXProject "SmashTag" */;
			compatibilityVersion = "Xcode 3.2";
			developmentRegion = English;
			hasScannedForEncodings = 0;
			knownRegions = (
				en,
				Base,
			);
			mainGroup = 28C0FC771B24B9CA00379531;
			productRefGroup = 28C0FC811B24B9CA00379531 /* Products */;
			projectDirPath = "";
			projectRoot = "";
			targets = (
				28C0FC7F1B24B9CA00379531 /* SmashTag */,
				28C0FC941B24B9CA00379531 /* SmashTagTests */,
			);
		};
/* End PBXProject section */

/* Begin PBXResourcesBuildPhase section */
		28C0FC7E1B24B9CA00379531 /* Resources */ = {
			isa = PBXResourcesBuildPhase;
			buildActionMask = 2147483647;
			files = (
				28C0FC8B1B24B9CA00379531 /* Main.storyboard in Resources */,
				28C0FC901B24B9CA00379531 /* LaunchScreen.xib in Resources */,
				28C0FC8D1B24B9CA00379531 /* Images.xcassets in Resources */,
			);
			runOnlyForDeploymentPostprocessing = 0;
		};
		28C0FC931B24B9CA00379531 /* Resources */ = {
			isa = PBXResourcesBuildPhase;
			buildActionMask = 2147483647;
			files = (
			);
			runOnlyForDeploymentPostprocessing = 0;
		};
/* End PBXResourcesBuildPhase section */

/* Begin PBXSourcesBuildPhase section */
		28C0FC7C1B24B9CA00379531 /* Sources */ = {
			isa = PBXSourcesBuildPhase;
			buildActionMask = 2147483647;
			files = (
				28C0FCA61B24BA7600379531 /* TweetTableViewController.swift in Sources */,
				28C0FCB01B24BEB900379531 /* Tweet.swift in Sources */,
				28C0FCAF1B24BEB900379531 /* MediaItem.swift in Sources */,
				28C0FC881B24B9CA00379531 /* ViewController.swift in Sources */,
				28C0FC861B24B9CA00379531 /* AppDelegate.swift in Sources */,
				28C0FCB11B24BEB900379531 /* TwitterRequest.swift in Sources */,
				28C0FCB21B24BEB900379531 /* User.swift in Sources */,
				2874FE1A1B24C92A0085E9EA /* TweetTableViewCell.swift in Sources */,
			);
			runOnlyForDeploymentPostprocessing = 0;
		};
		28C0FC911B24B9CA00379531 /* Sources */ = {
			isa = PBXSourcesBuildPhase;
			buildActionMask = 2147483647;
			files = (
				28C0FC9C1B24B9CA00379531 /* SmashTagTests.swift in Sources */,
			);
			runOnlyForDeploymentPostprocessing = 0;
		};
/* End PBXSourcesBuildPhase section */

/* Begin PBXTargetDependency section */
		28C0FC971B24B9CA00379531 /* PBXTargetDependency */ = {
			isa = PBXTargetDependency;
			target = 28C0FC7F1B24B9CA00379531 /* SmashTag */;
			targetProxy = 28C0FC961B24B9CA00379531 /* PBXContainerItemProxy */;
		};
/* End PBXTargetDependency section */

/* Begin PBXVariantGroup section */
		28C0FC891B24B9CA00379531 /* Main.storyboard */ = {
			isa = PBXVariantGroup;
			children = (
				28C0FC8A1B24B9CA00379531 /* Base */,
			);
			name = Main.storyboard;
			sourceTree = "<group>";
		};
		28C0FC8E1B24B9CA00379531 /* LaunchScreen.xib */ = {
			isa = PBXVariantGroup;
			children = (
				28C0FC8F1B24B9CA00379531 /* Base */,
			);
			name = LaunchScreen.xib;
			sourceTree = "<group>";
		};
/* End PBXVariantGroup section */

/* Begin XCBuildConfiguration section */
		28C0FC9D1B24B9CA00379531 /* Debug */ = {
			isa = XCBuildConfiguration;
			buildSettings = {
				ALWAYS_SEARCH_USER_PATHS = NO;
				CLANG_CXX_LANGUAGE_STANDARD = "gnu++0x";
				CLANG_CXX_LIBRARY = "libc++";
				CLANG_ENABLE_MODULES = YES;
				CLANG_ENABLE_OBJC_ARC = YES;
				CLANG_WARN_BOOL_CONVERSION = YES;
				CLANG_WARN_CONSTANT_CONVERSION = YES;
				CLANG_WARN_DIRECT_OBJC_ISA_USAGE = YES_ERROR;
				CLANG_WARN_EMPTY_BODY = YES;
				CLANG_WARN_ENUM_CONVERSION = YES;
				CLANG_WARN_INT_CONVERSION = YES;
				CLANG_WARN_OBJC_ROOT_CLASS = YES_ERROR;
				CLANG_WARN_UNREACHABLE_CODE = YES;
				CLANG_WARN__DUPLICATE_METHOD_MATCH = YES;
				"CODE_SIGN_IDENTITY[sdk=iphoneos*]" = "iPhone Developer";
				COPY_PHASE_STRIP = NO;
				DEBUG_INFORMATION_FORMAT = "dwarf-with-dsym";
				ENABLE_STRICT_OBJC_MSGSEND = YES;
				GCC_C_LANGUAGE_STANDARD = gnu99;
				GCC_DYNAMIC_NO_PIC = NO;
				GCC_NO_COMMON_BLOCKS = YES;
				GCC_OPTIMIZATION_LEVEL = 0;
				GCC_PREPROCESSOR_DEFINITIONS = (
					"DEBUG=1",
					"$(inherited)",
				);
				GCC_SYMBOLS_PRIVATE_EXTERN = NO;
				GCC_WARN_64_TO_32_BIT_CONVERSION = YES;
				GCC_WARN_ABOUT_RETURN_TYPE = YES_ERROR;
				GCC_WARN_UNDECLARED_SELECTOR = YES;
				GCC_WARN_UNINITIALIZED_AUTOS = YES_AGGRESSIVE;
				GCC_WARN_UNUSED_FUNCTION = YES;
				GCC_WARN_UNUSED_VARIABLE = YES;
				IPHONEOS_DEPLOYMENT_TARGET = 8.3;
				MTL_ENABLE_DEBUG_INFO = YES;
				ONLY_ACTIVE_ARCH = YES;
				SDKROOT = iphoneos;
				SWIFT_OPTIMIZATION_LEVEL = "-Onone";
				TARGETED_DEVICE_FAMILY = "1,2";
			};
			name = Debug;
		};
		28C0FC9E1B24B9CA00379531 /* Release */ = {
			isa = XCBuildConfiguration;
			buildSettings = {
				ALWAYS_SEARCH_USER_PATHS = NO;
				CLANG_CXX_LANGUAGE_STANDARD = "gnu++0x";
				CLANG_CXX_LIBRARY = "libc++";
				CLANG_ENABLE_MODULES = YES;
				CLANG_ENABLE_OBJC_ARC = YES;
				CLANG_WARN_BOOL_CONVERSION = YES;
				CLANG_WARN_CONSTANT_CONVERSION = YES;
				CLANG_WARN_DIRECT_OBJC_ISA_USAGE = YES_ERROR;
				CLANG_WARN_EMPTY_BODY = YES;
				CLANG_WARN_ENUM_CONVERSION = YES;
				CLANG_WARN_INT_CONVERSION = YES;
				CLANG_WARN_OBJC_ROOT_CLASS = YES_ERROR;
				CLANG_WARN_UNREACHABLE_CODE = YES;
				CLANG_WARN__DUPLICATE_METHOD_MATCH = YES;
				"CODE_SIGN_IDENTITY[sdk=iphoneos*]" = "iPhone Developer";
				COPY_PHASE_STRIP = NO;
				DEBUG_INFORMATION_FORMAT = "dwarf-with-dsym";
				ENABLE_NS_ASSERTIONS = NO;
				ENABLE_STRICT_OBJC_MSGSEND = YES;
				GCC_C_LANGUAGE_STANDARD = gnu99;
				GCC_NO_COMMON_BLOCKS = YES;
				GCC_WARN_64_TO_32_BIT_CONVERSION = YES;
				GCC_WARN_ABOUT_RETURN_TYPE = YES_ERROR;
				GCC_WARN_UNDECLARED_SELECTOR = YES;
				GCC_WARN_UNINITIALIZED_AUTOS = YES_AGGRESSIVE;
				GCC_WARN_UNUSED_FUNCTION = YES;
				GCC_WARN_UNUSED_VARIABLE = YES;
				IPHONEOS_DEPLOYMENT_TARGET = 8.3;
				MTL_ENABLE_DEBUG_INFO = NO;
				SDKROOT = iphoneos;
				TARGETED_DEVICE_FAMILY = "1,2";
				VALIDATE_PRODUCT = YES;
			};
			name = Release;
		};
		28C0FCA01B24B9CA00379531 /* Debug */ = {
			isa = XCBuildConfiguration;
			buildSettings = {
				ASSETCATALOG_COMPILER_APPICON_NAME = AppIcon;
				INFOPLIST_FILE = SmashTag/Info.plist;
				LD_RUNPATH_SEARCH_PATHS = "$(inherited) @executable_path/Frameworks";
				PRODUCT_NAME = "$(TARGET_NAME)";
			};
			name = Debug;
		};
		28C0FCA11B24B9CA00379531 /* Release */ = {
			isa = XCBuildConfiguration;
			buildSettings = {
				ASSETCATALOG_COMPILER_APPICON_NAME = AppIcon;
				INFOPLIST_FILE = SmashTag/Info.plist;
				LD_RUNPATH_SEARCH_PATHS = "$(inherited) @executable_path/Frameworks";
				PRODUCT_NAME = "$(TARGET_NAME)";
			};
			name = Release;
		};
		28C0FCA31B24B9CA00379531 /* Debug */ = {
			isa = XCBuildConfiguration;
			buildSettings = {
				BUNDLE_LOADER = "$(TEST_HOST)";
				FRAMEWORK_SEARCH_PATHS = (
					"$(SDKROOT)/Developer/Library/Frameworks",
					"$(inherited)",
				);
				GCC_PREPROCESSOR_DEFINITIONS = (
					"DEBUG=1",
					"$(inherited)",
				);
				INFOPLIST_FILE = SmashTagTests/Info.plist;
				LD_RUNPATH_SEARCH_PATHS = "$(inherited) @executable_path/Frameworks @loader_path/Frameworks";
				PRODUCT_NAME = "$(TARGET_NAME)";
				TEST_HOST = "$(BUILT_PRODUCTS_DIR)/SmashTag.app/SmashTag";
			};
			name = Debug;
		};
		28C0FCA41B24B9CA00379531 /* Release */ = {
			isa = XCBuildConfiguration;
			buildSettings = {
				BUNDLE_LOADER = "$(TEST_HOST)";
				FRAMEWORK_SEARCH_PATHS = (
					"$(SDKROOT)/Developer/Library/Frameworks",
					"$(inherited)",
				);
				INFOPLIST_FILE = SmashTagTests/Info.plist;
				LD_RUNPATH_SEARCH_PATHS = "$(inherited) @executable_path/Frameworks @loader_path/Frameworks";
				PRODUCT_NAME = "$(TARGET_NAME)";
				TEST_HOST = "$(BUILT_PRODUCTS_DIR)/SmashTag.app/SmashTag";
			};
			name = Release;
		};
/* End XCBuildConfiguration section */

/* Begin XCConfigurationList section */
		28C0FC7B1B24B9CA00379531 /* Build configuration list for PBXProject "SmashTag" */ = {
			isa = XCConfigurationList;
			buildConfigurations = (
				28C0FC9D1B24B9CA00379531 /* Debug */,
				28C0FC9E1B24B9CA00379531 /* Release */,
			);
			defaultConfigurationIsVisible = 0;
			defaultConfigurationName = Release;
		};
		28C0FC9F1B24B9CA00379531 /* Build configuration list for PBXNativeTarget "SmashTag" */ = {
			isa = XCConfigurationList;
			buildConfigurations = (
				28C0FCA01B24B9CA00379531 /* Debug */,
				28C0FCA11B24B9CA00379531 /* Release */,
			);
			defaultConfigurationIsVisible = 0;
			defaultConfigurationName = Release;
		};
		28C0FCA21B24B9CA00379531 /* Build configuration list for PBXNativeTarget "SmashTagTests" */ = {
			isa = XCConfigurationList;
			buildConfigurations = (
				28C0FCA31B24B9CA00379531 /* Debug */,
				28C0FCA41B24B9CA00379531 /* Release */,
			);
			defaultConfigurationIsVisible = 0;
			defaultConfigurationName = Release;
		};
/* End XCConfigurationList section */
	};
	rootObject = 28C0FC781B24B9CA00379531 /* Project object */;
}
